
Microsoft Visual Studio Solution File, Format Version 12.00
# Visual Studio 15
VisualStudioVersion = 15.0.27428.2015
MinimumVisualStudioVersion = 10.0.40219.1
Project("{FAE04EC0-301F-11D3-BF4B-00C04F79EFBC}") = "Yahtzee Application", "Yahtzee Application\Yahtzee Application.csproj", "{65BCE3D2-D2F0-4BFC-8348-430553D3DB39}"
EndProject
Global
	GlobalSection(SolutionConfigurationPlatforms) = preSolution
		Debug|Any CPU = Debug|Any CPU
		Release|Any CPU = Release|Any CPU
	EndGlobalSection
	GlobalSection(ProjectConfigurationPlatforms) = postSolution
		{65BCE3D2-D2F0-4BFC-8348-430553D3DB39}.Debug|Any CPU.ActiveCfg = Debug|Any CPU
		{65BCE3D2-D2F0-4BFC-8348-430553D3DB39}.Debug|Any CPU.Build.0 = Debug|Any CPU
		{65BCE3D2-D2F0-4BFC-8348-430553D3DB39}.Release|Any CPU.ActiveCfg = Release|Any CPU
		{65BCE3D2-D2F0-4BFC-8348-430553D3DB39}.Release|Any CPU.Build.0 = Release|Any CPU
	EndGlobalSection
	GlobalSection(SolutionProperties) = preSolution
		HideSolutionNode = FALSE
	EndGlobalSection
	GlobalSection(ExtensibilityGlobals) = postSolution
		SolutionGuid = {082298F6-5BC2-4272-9927-0B9F7B78143D}
	EndGlobalSection
EndGlobal
